<?xml version="1.0" encoding="utf-8"?>
<Project ToolsVersion="4.0" xmlns="http://schemas.microsoft.com/developer/msbuild/2003">
  <ItemGroup>
    <Filter Include="Private">
      <UniqueIdentifier>{73A50D21-58D8-4A61-BA0E-A81368B05496}</UniqueIdentifier>
    </Filter>
  </ItemGroup>
  <ItemGroup>
    <ClCompile Include="Private\Main.cpp">
      <Filter>Private</Filter>
    </ClCompile>
  </ItemGroup>
</Project>
