<?xml version="1.0" encoding="utf-8"?>
<Project ToolsVersion="4.0" xmlns="http://schemas.microsoft.com/developer/msbuild/2003">
  <ItemGroup>
    <Filter Include="Public">
      <UniqueIdentifier>{B52F73A4-9D21-46C8-A30E-174D6E8F92B5}</UniqueIdentifier>
    </Filter>
    <Filter Include="Private">
      <UniqueIdentifier>{E17A64B2-5F39-4D8C-AB70-263E9C51F4D8}</UniqueIdentifier>
    </Filter>
  </ItemGroup>

  <ItemGroup>
    <ClInclude Include="Public\Assets\AssetData.h"><Filter>Public</Filter></ClInclude>
    <ClInclude Include="Public\Assets\AssetHandle.h"><Filter>Public</Filter></ClInclude>
    <ClInclude Include="Public\Assets\AssetId.h"><Filter>Public</Filter></ClInclude>
    <ClInclude Include="Public\Assets\AssetLoader.h"><Filter>Public</Filter></ClInclude>
    <ClInclude Include="Public\Assets\AssetLoaderRegistry.h"><Filter>Public</Filter></ClInclude>
    <ClInclude Include="Public\Assets\AssetManager.h"><Filter>Public</Filter></ClInclude>
    <ClInclude Include="Public\Assets\AssetMetadata.h"><Filter>Public</Filter></ClInclude>
    <ClInclude Include="Public\Assets\AssetPath.h"><Filter>Public</Filter></ClInclude>
    <ClInclude Include="Public\Assets\AssetRegistry.h"><Filter>Public</Filter></ClInclude>
    <ClInclude Include="Public\Assets\AssetResult.h"><Filter>Public</Filter></ClInclude>
    <ClInclude Include="Public\Assets\AssetSource.h"><Filter>Public</Filter></ClInclude>
    <ClInclude Include="Public\Assets\AssetState.h"><Filter>Public</Filter></ClInclude>
    <ClInclude Include="Public\Assets\AssetType.h"><Filter>Public</Filter></ClInclude>
    <ClInclude Include="Public\Assets\DdsTextureDecoder.h"><Filter>Public</Filter></ClInclude>
    <ClInclude Include="Public\Assets\DdsTextureLoader.h"><Filter>Public</Filter></ClInclude>
    <ClInclude Include="Public\Assets\FileAssetSource.h"><Filter>Public</Filter></ClInclude>
    <ClInclude Include="Public\Assets\GpuTexture.h"><Filter>Public</Filter></ClInclude>
    <ClInclude Include="Public\Assets\GpuMesh.h"><Filter>Public</Filter></ClInclude>
    <ClInclude Include="Public\Assets\MaterialAsset.h"><Filter>Public</Filter></ClInclude>
    <ClInclude Include="Public\Assets\MaterialAssetLoader.h"><Filter>Public</Filter></ClInclude>
    <ClInclude Include="Public\Assets\MeshAsset.h"><Filter>Public</Filter></ClInclude>
    <ClInclude Include="Public\Assets\MeshAssetBuilder.h"><Filter>Public</Filter></ClInclude>
    <ClInclude Include="Public\Assets\MeshAssetLoader.h"><Filter>Public</Filter></ClInclude>
    <ClInclude Include="Public\Assets\TextureAsset.h"><Filter>Public</Filter></ClInclude>
    <ClInclude Include="Public\Assets\TextureAssetCache.h"><Filter>Public</Filter></ClInclude>
  </ItemGroup>

  <ItemGroup>
    <ClCompile Include="Private\AssetData.cpp"><Filter>Private</Filter></ClCompile>
    <ClCompile Include="Private\AssetId.cpp"><Filter>Private</Filter></ClCompile>
    <ClCompile Include="Private\AssetLoaderRegistry.cpp"><Filter>Private</Filter></ClCompile>
    <ClCompile Include="Private\AssetManager.cpp"><Filter>Private</Filter></ClCompile>
    <ClCompile Include="Private\AssetPath.cpp"><Filter>Private</Filter></ClCompile>
    <ClCompile Include="Private\AssetRegistry.cpp"><Filter>Private</Filter></ClCompile>
    <ClCompile Include="Private\AssetResult.cpp"><Filter>Private</Filter></ClCompile>
    <ClCompile Include="Private\AssetState.cpp"><Filter>Private</Filter></ClCompile>
    <ClCompile Include="Private\AssetType.cpp"><Filter>Private</Filter></ClCompile>
    <ClCompile Include="Private\DdsTextureDecoder.cpp"><Filter>Private</Filter></ClCompile>
    <ClCompile Include="Private\DdsTextureLoader.cpp"><Filter>Private</Filter></ClCompile>
    <ClCompile Include="Private\FileAssetSource.cpp"><Filter>Private</Filter></ClCompile>
    <ClCompile Include="Private\GpuTexture.cpp"><Filter>Private</Filter></ClCompile>
    <ClCompile Include="Private\GpuMesh.cpp"><Filter>Private</Filter></ClCompile>
    <ClCompile Include="Private\MaterialAsset.cpp"><Filter>Private</Filter></ClCompile>
    <ClCompile Include="Private\MaterialAssetLoader.cpp"><Filter>Private</Filter></ClCompile>
    <ClCompile Include="Private\MeshAsset.cpp"><Filter>Private</Filter></ClCompile>
    <ClCompile Include="Private\MeshAssetBuilder.cpp"><Filter>Private</Filter></ClCompile>
    <ClCompile Include="Private\MeshAssetLoader.cpp"><Filter>Private</Filter></ClCompile>
    <ClCompile Include="Private\TextureAsset.cpp"><Filter>Private</Filter></ClCompile>
    <ClCompile Include="Private\TextureAssetCache.cpp"><Filter>Private</Filter></ClCompile>
  </ItemGroup>
</Project>
