Microsoft Visual Studio Solution File, Format Version 12.00
# Visual Studio Version 17
VisualStudioVersion = 17.14.37314.3 d17.14
MinimumVisualStudioVersion = 10.0.40219.1
Project("{8BC9CEB8-8B4A-11D0-8D11-00A0C91BC942}") = "Eternity", "..\Eternity\Eternity.vcxproj", "{3D51BE84-6441-4AC7-A73F-587C6B36DDAF}"
EndProject
Project("{8BC9CEB8-8B4A-11D0-8D11-00A0C91BC942}") = "GameEditor", "GameEditor.vcxproj", "{22AD274B-9E09-431E-94D7-41780F91B239}"
EndProject
Project("{8BC9CEB8-8B4A-11D0-8D11-00A0C91BC942}") = "SLikeNetLibStatic", "..\..\External\SLikeNet\build\vs2022-x64\Lib\LibStatic\SLikeNetLibStatic.vcxproj", "{CC4792B7-6E17-3EF2-81FA-FA1F8E29AA08}"
EndProject
Project("{FAE04EC0-301F-11D3-BF4B-00C04F79EFBC}") = "Api", "..\Backend\Api.csproj", "{7E1CBDE3-DE8C-4928-93AC-614D4ED12286}"
EndProject
Project("{8BC9CEB8-8B4A-11D0-8D11-00A0C91BC942}") = "MasterServer", "..\..\server\MasterServer\MasterServer.vcxproj", "{32AD275B-9E08-431E-94D7-42780F91B239}"
EndProject
Project("{8BC9CEB8-8B4A-11D0-8D11-00A0C91BC942}") = "SupervisorServer", "..\..\server\SupervisorServer\SupervisorServer.vcxproj", "{32AD275B-2E08-431E-94D7-42781F91B239}"
EndProject
Project("{8BC9CEB8-8B4A-11D0-8D11-00A0C91BC942}") = "GameServer", "..\..\server\WO_GameServer\GameServer.vcxproj", "{32AD275B-9E09-431E-94D7-41780F91B239}"
EndProject
Project("{8BC9CEB8-8B4A-11D0-8D11-00A0C91BC942}") = "LTS.Core", "..\Engine\Core\LTS.Core.vcxproj", "{A7F1B4E8-6C32-4A2D-9E85-0C1B7D9F3A41}"
EndProject
Project("{8BC9CEB8-8B4A-11D0-8D11-00A0C91BC942}") = "LTS.Legacy", "..\Engine\Legacy\LTS.Legacy.vcxproj", "{D64C6B88-0FA6-4EE3-9706-8D3DB3C92031}"
EndProject
Global
	GlobalSection(SolutionConfigurationPlatforms) = preSolution
		Debug|Win32 = Debug|Win32
		Final|Win32 = Final|Win32
		Release|Win32 = Release|Win32
		Release|x64 = Release|x64
	EndGlobalSection
	GlobalSection(ProjectConfigurationPlatforms) = postSolution
		{3D51BE84-6441-4AC7-A73F-587C6B36DDAF}.Debug|Win32.ActiveCfg = Debug_NoCrashRpt|Win32
		{3D51BE84-6441-4AC7-A73F-587C6B36DDAF}.Debug|Win32.Build.0 = Debug_NoCrashRpt|Win32
		{3D51BE84-6441-4AC7-A73F-587C6B36DDAF}.Final|Win32.ActiveCfg = Final|Win32
		{3D51BE84-6441-4AC7-A73F-587C6B36DDAF}.Final|Win32.Build.0 = Final|Win32
		{3D51BE84-6441-4AC7-A73F-587C6B36DDAF}.Release|Win32.ActiveCfg = Release|Win32
		{3D51BE84-6441-4AC7-A73F-587C6B36DDAF}.Release|Win32.Build.0 = Release|Win32
		{3D51BE84-6441-4AC7-A73F-587C6B36DDAF}.Release|x64.ActiveCfg = Release|x64
		{3D51BE84-6441-4AC7-A73F-587C6B36DDAF}.Release|x64.Build.0 = Release|x64
		{22AD274B-9E09-431E-94D7-41780F91B239}.Debug|Win32.ActiveCfg = Debug|Win32
		{22AD274B-9E09-431E-94D7-41780F91B239}.Debug|Win32.Build.0 = Debug|Win32
		{22AD274B-9E09-431E-94D7-41780F91B239}.Final|Win32.ActiveCfg = Final|Win32
		{22AD274B-9E09-431E-94D7-41780F91B239}.Final|Win32.Build.0 = Final|Win32
		{22AD274B-9E09-431E-94D7-41780F91B239}.Release|Win32.ActiveCfg = Release|Win32
		{22AD274B-9E09-431E-94D7-41780F91B239}.Release|Win32.Build.0 = Release|Win32
		{22AD274B-9E09-431E-94D7-41780F91B239}.Release|x64.ActiveCfg = Release|x64
		{22AD274B-9E09-431E-94D7-41780F91B239}.Release|x64.Build.0 = Release|x64
		{CC4792B7-6E17-3EF2-81FA-FA1F8E29AA08}.Debug|Win32.ActiveCfg = Debug|x64
		{CC4792B7-6E17-3EF2-81FA-FA1F8E29AA08}.Final|Win32.ActiveCfg = Release|x64
		{CC4792B7-6E17-3EF2-81FA-FA1F8E29AA08}.Release|Win32.ActiveCfg = Release|x64
		{CC4792B7-6E17-3EF2-81FA-FA1F8E29AA08}.Release|x64.ActiveCfg = Release|x64
		{CC4792B7-6E17-3EF2-81FA-FA1F8E29AA08}.Release|x64.Build.0 = Release|x64
		{7E1CBDE3-DE8C-4928-93AC-614D4ED12286}.Debug|Win32.ActiveCfg = Debug|Any CPU
		{7E1CBDE3-DE8C-4928-93AC-614D4ED12286}.Debug|Win32.Build.0 = Debug|Any CPU
		{7E1CBDE3-DE8C-4928-93AC-614D4ED12286}.Final|Win32.ActiveCfg = Debug|Any CPU
		{7E1CBDE3-DE8C-4928-93AC-614D4ED12286}.Final|Win32.Build.0 = Debug|Any CPU
		{7E1CBDE3-DE8C-4928-93AC-614D4ED12286}.Release|Win32.ActiveCfg = Release|Any CPU
		{7E1CBDE3-DE8C-4928-93AC-614D4ED12286}.Release|Win32.Build.0 = Release|Any CPU
		{7E1CBDE3-DE8C-4928-93AC-614D4ED12286}.Release|x64.ActiveCfg = Release|Any CPU
		{7E1CBDE3-DE8C-4928-93AC-614D4ED12286}.Release|x64.Build.0 = Release|Any CPU
		{32AD275B-9E08-431E-94D7-42780F91B239}.Debug|Win32.ActiveCfg = Debug|Win32
		{32AD275B-9E08-431E-94D7-42780F91B239}.Debug|Win32.Build.0 = Debug|Win32
		{32AD275B-9E08-431E-94D7-42780F91B239}.Final|Win32.ActiveCfg = Debug|Win32
		{32AD275B-9E08-431E-94D7-42780F91B239}.Final|Win32.Build.0 = Debug|Win32
		{32AD275B-9E08-431E-94D7-42780F91B239}.Release|Win32.ActiveCfg = Release|Win32
		{32AD275B-9E08-431E-94D7-42780F91B239}.Release|Win32.Build.0 = Release|Win32
		{32AD275B-9E08-431E-94D7-42780F91B239}.Release|x64.ActiveCfg = Release|x64
		{32AD275B-9E08-431E-94D7-42780F91B239}.Release|x64.Build.0 = Release|x64
		{32AD275B-2E08-431E-94D7-42781F91B239}.Debug|Win32.ActiveCfg = Debug|Win32
		{32AD275B-2E08-431E-94D7-42781F91B239}.Debug|Win32.Build.0 = Debug|Win32
		{32AD275B-2E08-431E-94D7-42781F91B239}.Final|Win32.ActiveCfg = Debug|Win32
		{32AD275B-2E08-431E-94D7-42781F91B239}.Final|Win32.Build.0 = Debug|Win32
		{32AD275B-2E08-431E-94D7-42781F91B239}.Release|Win32.ActiveCfg = Release|Win32
		{32AD275B-2E08-431E-94D7-42781F91B239}.Release|Win32.Build.0 = Release|Win32
		{32AD275B-2E08-431E-94D7-42781F91B239}.Release|x64.ActiveCfg = Release|x64
		{32AD275B-2E08-431E-94D7-42781F91B239}.Release|x64.Build.0 = Release|x64
		{32AD275B-9E09-431E-94D7-41780F91B239}.Debug|Win32.ActiveCfg = Debug|Win32
		{32AD275B-9E09-431E-94D7-41780F91B239}.Debug|Win32.Build.0 = Debug|Win32
		{32AD275B-9E09-431E-94D7-41780F91B239}.Final|Win32.ActiveCfg = Debug|Win32
		{32AD275B-9E09-431E-94D7-41780F91B239}.Final|Win32.Build.0 = Debug|Win32
		{32AD275B-9E09-431E-94D7-41780F91B239}.Release|Win32.ActiveCfg = Release|Win32
		{32AD275B-9E09-431E-94D7-41780F91B239}.Release|Win32.Build.0 = Release|Win32
		{32AD275B-9E09-431E-94D7-41780F91B239}.Release|x64.ActiveCfg = Release|x64
		{32AD275B-9E09-431E-94D7-41780F91B239}.Release|x64.Build.0 = Release|x64
		{95D2DE2E-3365-4CAB-86DF-7B7CF0227857}.Debug|Win32.ActiveCfg = Debug|Win32
		{95D2DE2E-3365-4CAB-86DF-7B7CF0227857}.Debug|Win32.Build.0 = Debug|Win32
		{95D2DE2E-3365-4CAB-86DF-7B7CF0227857}.Final|Win32.ActiveCfg = Debug|Win32
		{95D2DE2E-3365-4CAB-86DF-7B7CF0227857}.Final|Win32.Build.0 = Debug|Win32
		{95D2DE2E-3365-4CAB-86DF-7B7CF0227857}.Release|Win32.ActiveCfg = Release|Win32
		{95D2DE2E-3365-4CAB-86DF-7B7CF0227857}.Release|Win32.Build.0 = Release|Win32
		{95D2DE2E-3365-4CAB-86DF-7B7CF0227857}.Release|x64.ActiveCfg = Release|x64
		{95D2DE2E-3365-4CAB-86DF-7B7CF0227857}.Release|x64.Build.0 = Release|x64
		{A7F1B4E8-6C32-4A2D-9E85-0C1B7D9F3A41}.Release|x64.ActiveCfg = Release|x64
								{A7F1B4E8-6C32-4A2D-9E85-0C1B7D9F3A41}.Release|x64.Build.0 = Release|x64
		{CC60C741-FAC1-4DFC-AD20-4E213359A6C5}.Debug|Win32.ActiveCfg = Debug|Win32
		{CC60C741-FAC1-4DFC-AD20-4E213359A6C5}.Debug|Win32.Build.0 = Debug|Win32
		{CC60C741-FAC1-4DFC-AD20-4E213359A6C5}.Final|Win32.ActiveCfg = Debug|Win32
		{CC60C741-FAC1-4DFC-AD20-4E213359A6C5}.Final|Win32.Build.0 = Debug|Win32
		{CC60C741-FAC1-4DFC-AD20-4E213359A6C5}.Release|Win32.ActiveCfg = Release|Win32
		{CC60C741-FAC1-4DFC-AD20-4E213359A6C5}.Release|Win32.Build.0 = Release|Win32
		{CC60C741-FAC1-4DFC-AD20-4E213359A6C5}.Release|x64.ActiveCfg = Release|x64
		{CC60C741-FAC1-4DFC-AD20-4E213359A6C5}.Release|x64.Build.0 = Release|x64
		{D64C6B88-0FA6-4EE3-9706-8D3DB3C92031}.Release|x64.ActiveCfg = Release|x64
        {D64C6B88-0FA6-4EE3-9706-8D3DB3C92031}.Release|x64.Build.0 = Release|x64
	EndGlobalSection
	GlobalSection(SolutionProperties) = preSolution
		HideSolutionNode = FALSE
	EndGlobalSection
	GlobalSection(ExtensibilityGlobals) = postSolution
		SolutionGuid = {CCE82C03-5475-4C75-AF1C-23CB21448095}
	EndGlobalSection
EndGlobal

